
Microsoft Visual Studio Solution File, Format Version 12.00
# Visual Studio Version 16
VisualStudioVersion = 16.0.29728.190
MinimumVisualStudioVersion = 10.0.40219.1
Project("{FAE04EC0-301F-11D3-BF4B-00C04F79EFBC}") = "DeadLocks", "DeadLocks\DeadLocks.csproj", "{DE77F3CC-0D00-4DF4-BBFB-59567F926BA3}"
EndProject
Global
	GlobalSection(SolutionConfigurationPlatforms) = preSolution
		Debug|Any CPU = Debug|Any CPU
		Release|Any CPU = Release|Any CPU
	EndGlobalSection
	GlobalSection(ProjectConfigurationPlatforms) = postSolution
		{DE77F3CC-0D00-4DF4-BBFB-59567F926BA3}.Debug|Any CPU.ActiveCfg = Debug|Any CPU
		{DE77F3CC-0D00-4DF4-BBFB-59567F926BA3}.Debug|Any CPU.Build.0 = Debug|Any CPU
		{DE77F3CC-0D00-4DF4-BBFB-59567F926BA3}.Release|Any CPU.ActiveCfg = Release|Any CPU
		{DE77F3CC-0D00-4DF4-BBFB-59567F926BA3}.Release|Any CPU.Build.0 = Release|Any CPU
	EndGlobalSection
	GlobalSection(SolutionProperties) = preSolution
		HideSolutionNode = FALSE
	EndGlobalSection
	GlobalSection(ExtensibilityGlobals) = postSolution
		SolutionGuid = {C639CFDC-5A51-464A-9A11-BAD73054FE32}
	EndGlobalSection
EndGlobal
