
Microsoft Visual Studio Solution File, Format Version 12.00
# Visual Studio Version 16
VisualStudioVersion = 16.0.29728.190
MinimumVisualStudioVersion = 10.0.40219.1
Project("{FAE04EC0-301F-11D3-BF4B-00C04F79EFBC}") = "UnionySuspension", "UnionySuspension\UnionySuspension.csproj", "{D060B564-CDF9-46E8-B621-8C5CC6A0921F}"
EndProject
Global
	GlobalSection(SolutionConfigurationPlatforms) = preSolution
		Debug|Any CPU = Debug|Any CPU
		Release|Any CPU = Release|Any CPU
	EndGlobalSection
	GlobalSection(ProjectConfigurationPlatforms) = postSolution
		{D060B564-CDF9-46E8-B621-8C5CC6A0921F}.Debug|Any CPU.ActiveCfg = Debug|Any CPU
		{D060B564-CDF9-46E8-B621-8C5CC6A0921F}.Debug|Any CPU.Build.0 = Debug|Any CPU
		{D060B564-CDF9-46E8-B621-8C5CC6A0921F}.Release|Any CPU.ActiveCfg = Release|Any CPU
		{D060B564-CDF9-46E8-B621-8C5CC6A0921F}.Release|Any CPU.Build.0 = Release|Any CPU
	EndGlobalSection
	GlobalSection(SolutionProperties) = preSolution
		HideSolutionNode = FALSE
	EndGlobalSection
	GlobalSection(ExtensibilityGlobals) = postSolution
		SolutionGuid = {4E81309D-B90F-4CBD-A458-2A68FF4E87D9}
	EndGlobalSection
EndGlobal
